github.com/AWtnb/go-everything v1.0.0 h1:ZT/wFM/9T73R04yRNwkuMq/aKdXEn1fTof/9xDfqz8I=
github.com/AWtnb/go-everything v1.0.0/go.mod h1:zdhpGYcj7ixaLMFIUbW254KyNHyXLQ7e8r8UHMVL6xQ=
github.com/AWtnb/go-everything v1.0.1 h1:dFC5vsPkfDyTftvFPMKz5bZ0CGwuB6VB94TjsfCnAUA=
github.com/AWtnb/go-everything v1.0.1/go.mod h1:zdhpGYcj7ixaLMFIUbW254KyNHyXLQ7e8r8UHMVL6xQ=
